
Microsoft Visual Studio Solution File, Format Version 12.00
# Visual Studio 15
VisualStudioVersion = 15.0.27130.2010
MinimumVisualStudioVersion = 10.0.40219.1
Project("{FAE04EC0-301F-11D3-BF4B-00C04F79EFBC}") = "BookShop", "BookShop\BookShop.csproj", "{F6A329E2-79DA-4F08-A09D-060E60DF3B86}"
EndProject
Global
	GlobalSection(SolutionConfigurationPlatforms) = preSolution
		Debug|Any CPU = Debug|Any CPU
		Release|Any CPU = Release|Any CPU
	EndGlobalSection
	GlobalSection(ProjectConfigurationPlatforms) = postSolution
		{F6A329E2-79DA-4F08-A09D-060E60DF3B86}.Debug|Any CPU.ActiveCfg = Debug|Any CPU
		{F6A329E2-79DA-4F08-A09D-060E60DF3B86}.Debug|Any CPU.Build.0 = Debug|Any CPU
		{F6A329E2-79DA-4F08-A09D-060E60DF3B86}.Release|Any CPU.ActiveCfg = Release|Any CPU
		{F6A329E2-79DA-4F08-A09D-060E60DF3B86}.Release|Any CPU.Build.0 = Release|Any CPU
	EndGlobalSection
	GlobalSection(SolutionProperties) = preSolution
		HideSolutionNode = FALSE
	EndGlobalSection
	GlobalSection(ExtensibilityGlobals) = postSolution
		SolutionGuid = {6DACF50D-2B79-4A49-B8A1-6D0AF1705997}
	EndGlobalSection
EndGlobal
